
Microsoft Visual Studio Solution File, Format Version 12.00
# Visual Studio Version 16
VisualStudioVersion = 16.0.30413.136
MinimumVisualStudioVersion = 10.0.40219.1
Project("{9A19103F-16F7-4668-BE54-9A1E7A4F7556}") = "CarJsonServer", "CarJsonServer\CarJsonServer.csproj", "{9BFD5209-DA30-468D-A3EF-BB8EF7E11826}"
EndProject
Project("{FAE04EC0-301F-11D3-BF4B-00C04F79EFBC}") = "CarJasonClient", "CarJasonClient\CarJasonClient.csproj", "{4FDA2342-9CC6-4856-BF95-0B053BA38577}"
EndProject
Project("{FAE04EC0-301F-11D3-BF4B-00C04F79EFBC}") = "ModelLib", "ModelLib\ModelLib.csproj", "{7160BA2C-DA76-4289-8A0D-94EC220ACB31}"
EndProject
Global
	GlobalSection(SolutionConfigurationPlatforms) = preSolution
		Debug|Any CPU = Debug|Any CPU
		Release|Any CPU = Release|Any CPU
	EndGlobalSection
	GlobalSection(ProjectConfigurationPlatforms) = postSolution
		{9BFD5209-DA30-468D-A3EF-BB8EF7E11826}.Debug|Any CPU.ActiveCfg = Debug|Any CPU
		{9BFD5209-DA30-468D-A3EF-BB8EF7E11826}.Debug|Any CPU.Build.0 = Debug|Any CPU
		{9BFD5209-DA30-468D-A3EF-BB8EF7E11826}.Release|Any CPU.ActiveCfg = Release|Any CPU
		{9BFD5209-DA30-468D-A3EF-BB8EF7E11826}.Release|Any CPU.Build.0 = Release|Any CPU
		{4FDA2342-9CC6-4856-BF95-0B053BA38577}.Debug|Any CPU.ActiveCfg = Debug|Any CPU
		{4FDA2342-9CC6-4856-BF95-0B053BA38577}.Debug|Any CPU.Build.0 = Debug|Any CPU
		{4FDA2342-9CC6-4856-BF95-0B053BA38577}.Release|Any CPU.ActiveCfg = Release|Any CPU
		{4FDA2342-9CC6-4856-BF95-0B053BA38577}.Release|Any CPU.Build.0 = Release|Any CPU
		{7160BA2C-DA76-4289-8A0D-94EC220ACB31}.Debug|Any CPU.ActiveCfg = Debug|Any CPU
		{7160BA2C-DA76-4289-8A0D-94EC220ACB31}.Debug|Any CPU.Build.0 = Debug|Any CPU
		{7160BA2C-DA76-4289-8A0D-94EC220ACB31}.Release|Any CPU.ActiveCfg = Release|Any CPU
		{7160BA2C-DA76-4289-8A0D-94EC220ACB31}.Release|Any CPU.Build.0 = Release|Any CPU
	EndGlobalSection
	GlobalSection(SolutionProperties) = preSolution
		HideSolutionNode = FALSE
	EndGlobalSection
	GlobalSection(ExtensibilityGlobals) = postSolution
		SolutionGuid = {00489167-C30A-4104-844F-7F426F46FFCA}
	EndGlobalSection
EndGlobal
